
Microsoft Visual Studio Solution File, Format Version 12.00
# Visual Studio Version 16
VisualStudioVersion = 16.0.31019.35
MinimumVisualStudioVersion = 10.0.40219.1
Project("{FAE04EC0-301F-11D3-BF4B-00C04F79EFBC}") = "Agenda", "Agenda.csproj", "{2026766A-C2B7-4D93-B6A5-9FFDCEEC4933}"
EndProject
Global
	GlobalSection(SolutionConfigurationPlatforms) = preSolution
		Debug|Any CPU = Debug|Any CPU
		Release|Any CPU = Release|Any CPU
	EndGlobalSection
	GlobalSection(ProjectConfigurationPlatforms) = postSolution
		{2026766A-C2B7-4D93-B6A5-9FFDCEEC4933}.Debug|Any CPU.ActiveCfg = Debug|Any CPU
		{2026766A-C2B7-4D93-B6A5-9FFDCEEC4933}.Debug|Any CPU.Build.0 = Debug|Any CPU
		{2026766A-C2B7-4D93-B6A5-9FFDCEEC4933}.Release|Any CPU.ActiveCfg = Release|Any CPU
		{2026766A-C2B7-4D93-B6A5-9FFDCEEC4933}.Release|Any CPU.Build.0 = Release|Any CPU
	EndGlobalSection
	GlobalSection(SolutionProperties) = preSolution
		HideSolutionNode = FALSE
	EndGlobalSection
	GlobalSection(ExtensibilityGlobals) = postSolution
		SolutionGuid = {F7198A9B-96AB-468C-9299-CF4D31B10A5A}
	EndGlobalSection
EndGlobal
